
Microsoft Visual Studio Solution File, Format Version 12.00
# Visual Studio 15
VisualStudioVersion = 15.0.27428.2043
MinimumVisualStudioVersion = 10.0.40219.1
Project("{FAE04EC0-301F-11D3-BF4B-00C04F79EFBC}") = "Uptime", "Uptime\Uptime.csproj", "{277B2195-3B76-44C4-B5BB-0F37F9875CCA}"
EndProject
Global
	GlobalSection(SolutionConfigurationPlatforms) = preSolution
		Debug|Any CPU = Debug|Any CPU
		Release|Any CPU = Release|Any CPU
	EndGlobalSection
	GlobalSection(ProjectConfigurationPlatforms) = postSolution
		{277B2195-3B76-44C4-B5BB-0F37F9875CCA}.Debug|Any CPU.ActiveCfg = Debug|Any CPU
		{277B2195-3B76-44C4-B5BB-0F37F9875CCA}.Debug|Any CPU.Build.0 = Debug|Any CPU
		{277B2195-3B76-44C4-B5BB-0F37F9875CCA}.Release|Any CPU.ActiveCfg = Release|Any CPU
		{277B2195-3B76-44C4-B5BB-0F37F9875CCA}.Release|Any CPU.Build.0 = Release|Any CPU
	EndGlobalSection
	GlobalSection(SolutionProperties) = preSolution
		HideSolutionNode = FALSE
	EndGlobalSection
	GlobalSection(ExtensibilityGlobals) = postSolution
		SolutionGuid = {221F1230-CD8D-4518-A772-968ABF7D478D}
	EndGlobalSection
EndGlobal
